// !$*UTF8*$!
{
	archiveVersion = 1;
	classes = {
	};
	objectVersion = 56;
	objects = {

/* Begin PBXBuildFile section */
		CEE4D8B82DB2A2470082AF68 /* AppDelegate.swift in Sources */ = {isa = PBXBuildFile; fileRef = CEE4D8B72DB2A2470082AF68 /* AppDelegate.swift */; };
		CEE4D8BA2DB2A2470082AF68 /* SceneDelegate.swift in Sources */ = {isa = PBXBuildFile; fileRef = CEE4D8B92DB2A2470082AF68 /* SceneDelegate.swift */; };
		CEE4D8BC2DB2A2470082AF68 /* ViewController.swift in Sources */ = {isa = PBXBuildFile; fileRef = CEE4D8BB2DB2A2470082AF68 /* ViewController.swift */; };
		CEE4D8BF2DB2A2470082AF68 /* Main.storyboard in Resources */ = {isa = PBXBuildFile; fileRef = CEE4D8BD2DB2A2470082AF68 /* Main.storyboard */; };
		CEE4D8C12DB2A24A0082AF68 /* Assets.xcassets in Resources */ = {isa = PBXBuildFile; fileRef = CEE4D8C02DB2A24A0082AF68 /* Assets.xcassets */; };
		CEE4D8C42DB2A24A0082AF68 /* LaunchScreen.storyboard in Resources */ = {isa = PBXBuildFile; fileRef = CEE4D8C22DB2A24A0082AF68 /* LaunchScreen.storyboard */; };
		CEE4D8CC2DB2A7500082AF68 /* TrendyolViewController.swift in Sources */ = {isa = PBXBuildFile; fileRef = CEE4D8CB2DB2A7500082AF68 /* TrendyolViewController.swift */; };
		CEE4D8D02DB2A7E10082AF68 /* ViewController+exc.swift in Sources */ = {isa = PBXBuildFile; fileRef = CEE4D8CF2DB2A7E10082AF68 /* ViewController+exc.swift */; };
		CEE4D8D72DB2B04C0082AF68 /* CollectionView+ext.swift in Sources */ = {isa = PBXBuildFile; fileRef = CEE4D8D62DB2B04C0082AF68 /* CollectionView+ext.swift */; };
		CEE4D8DE2DB2B4700082AF68 /* TrendyOlCollectionVCcell.swift in Sources */ = {isa = PBXBuildFile; fileRef = CEE4D8DC2DB2B4700082AF68 /* TrendyOlCollectionVCcell.swift */; };
		CEE4D8DF2DB2B4700082AF68 /* TrendyOlCollectionVCcell.xib in Resources */ = {isa = PBXBuildFile; fileRef = CEE4D8DD2DB2B4700082AF68 /* TrendyOlCollectionVCcell.xib */; };
		CEE4D8E22DB2BE940082AF68 /* NotificationListApi.json in Resources */ = {isa = PBXBuildFile; fileRef = CEE4D8E12DB2BE940082AF68 /* NotificationListApi.json */; };
		CEE4D8E52DB2BF020082AF68 /* TrendyolaListAi.json in Resources */ = {isa = PBXBuildFile; fileRef = CEE4D8E42DB2BF020082AF68 /* TrendyolaListAi.json */; };
		CEE4D8EA2DB2EB820082AF68 /* SunexAzCollectionViewCell.swift in Sources */ = {isa = PBXBuildFile; fileRef = CEE4D8E82DB2EB820082AF68 /* SunexAzCollectionViewCell.swift */; };
		CEE4D8EB2DB2EB820082AF68 /* SunexAzCollectionViewCell.xib in Resources */ = {isa = PBXBuildFile; fileRef = CEE4D8E92DB2EB820082AF68 /* SunexAzCollectionViewCell.xib */; };
		CEE4D8F12DB2F72D0082AF68 /* SunexAzModel.swift in Sources */ = {isa = PBXBuildFile; fileRef = CEE4D8F02DB2F72D0082AF68 /* SunexAzModel.swift */; };
		CEE4D8F42DB2F7980082AF68 /* NetworkServiceManager.swift in Sources */ = {isa = PBXBuildFile; fileRef = CEE4D8F32DB2F7980082AF68 /* NetworkServiceManager.swift */; };
		CEE4D8F62DB2F8920082AF68 /* APIService.swift in Sources */ = {isa = PBXBuildFile; fileRef = CEE4D8F52DB2F8920082AF68 /* APIService.swift */; };
		CEE4D8F82DB2F8E40082AF68 /* URLSeassionsAdapter.swift in Sources */ = {isa = PBXBuildFile; fileRef = CEE4D8F72DB2F8E40082AF68 /* URLSeassionsAdapter.swift */; };
		CEE4D8FA2DB303C20082AF68 /* SunexAzViewModel.swift in Sources */ = {isa = PBXBuildFile; fileRef = CEE4D8F92DB303C20082AF68 /* SunexAzViewModel.swift */; };
		CEE4D8FE2DB3D2860082AF68 /* TrendyOlModel.swift in Sources */ = {isa = PBXBuildFile; fileRef = CEE4D8FD2DB3D2860082AF68 /* TrendyOlModel.swift */; };
		CEE4D9002DB3D2B70082AF68 /* TrendyOlViewModel.swift in Sources */ = {isa = PBXBuildFile; fileRef = CEE4D8FF2DB3D2B70082AF68 /* TrendyOlViewModel.swift */; };
		CEE4D9032DB3D6EA0082AF68 /* TrendyOlAPIService.swift in Sources */ = {isa = PBXBuildFile; fileRef = CEE4D9022DB3D6EA0082AF68 /* TrendyOlAPIService.swift */; };
/* End PBXBuildFile section */

/* Begin PBXFileReference section */
		CEE4D8B42DB2A2470082AF68 /* Sunex_Trendyol.app */ = {isa = PBXFileReference; explicitFileType = wrapper.application; includeInIndex = 0; path = Sunex_Trendyol.app; sourceTree = BUILT_PRODUCTS_DIR; };
		CEE4D8B72DB2A2470082AF68 /* AppDelegate.swift */ = {isa = PBXFileReference; lastKnownFileType = sourcecode.swift; path = AppDelegate.swift; sourceTree = "<group>"; };
		CEE4D8B92DB2A2470082AF68 /* SceneDelegate.swift */ = {isa = PBXFileReference; lastKnownFileType = sourcecode.swift; path = SceneDelegate.swift; sourceTree = "<group>"; };
		CEE4D8BB2DB2A2470082AF68 /* ViewController.swift */ = {isa = PBXFileReference; lastKnownFileType = sourcecode.swift; path = ViewController.swift; sourceTree = "<group>"; };
		CEE4D8BE2DB2A2470082AF68 /* Base */ = {isa = PBXFileReference; lastKnownFileType = file.storyboard; name = Base; path = Base.lproj/Main.storyboard; sourceTree = "<group>"; };
		CEE4D8C02DB2A24A0082AF68 /* Assets.xcassets */ = {isa = PBXFileReference; lastKnownFileType = folder.assetcatalog; path = Assets.xcassets; sourceTree = "<group>"; };
		CEE4D8C32DB2A24A0082AF68 /* Base */ = {isa = PBXFileReference; lastKnownFileType = file.storyboard; name = Base; path = Base.lproj/LaunchScreen.storyboard; sourceTree = "<group>"; };
		CEE4D8C52DB2A24A0082AF68 /* Info.plist */ = {isa = PBXFileReference; lastKnownFileType = text.plist.xml; path = Info.plist; sourceTree = "<group>"; };
		CEE4D8CB2DB2A7500082AF68 /* TrendyolViewController.swift */ = {isa = PBXFileReference; lastKnownFileType = sourcecode.swift; path = TrendyolViewController.swift; sourceTree = "<group>"; };
		CEE4D8CF2DB2A7E10082AF68 /* ViewController+exc.swift */ = {isa = PBXFileReference; lastKnownFileType = sourcecode.swift; path = "ViewController+exc.swift"; sourceTree = "<group>"; };
		CEE4D8D62DB2B04C0082AF68 /* CollectionView+ext.swift */ = {isa = PBXFileReference; lastKnownFileType = sourcecode.swift; path = "CollectionView+ext.swift"; sourceTree = "<group>"; };
		CEE4D8DC2DB2B4700082AF68 /* TrendyOlCollectionVCcell.swift */ = {isa = PBXFileReference; lastKnownFileType = sourcecode.swift; path = TrendyOlCollectionVCcell.swift; sourceTree = "<group>"; };
		CEE4D8DD2DB2B4700082AF68 /* TrendyOlCollectionVCcell.xib */ = {isa = PBXFileReference; lastKnownFileType = file.xib; path = TrendyOlCollectionVCcell.xib; sourceTree = "<group>"; };
		CEE4D8E12DB2BE940082AF68 /* NotificationListApi.json */ = {isa = PBXFileReference; lastKnownFileType = text.json; path = NotificationListApi.json; sourceTree = "<group>"; };
		CEE4D8E42DB2BF020082AF68 /* TrendyolaListAi.json */ = {isa = PBXFileReference; lastKnownFileType = text.json; path = TrendyolaListAi.json; sourceTree = "<group>"; };
		CEE4D8E82DB2EB820082AF68 /* SunexAzCollectionViewCell.swift */ = {isa = PBXFileReference; lastKnownFileType = sourcecode.swift; path = SunexAzCollectionViewCell.swift; sourceTree = "<group>"; };
		CEE4D8E92DB2EB820082AF68 /* SunexAzCollectionViewCell.xib */ = {isa = PBXFileReference; lastKnownFileType = file.xib; path = SunexAzCollectionViewCell.xib; sourceTree = "<group>"; };
		CEE4D8F02DB2F72D0082AF68 /* SunexAzModel.swift */ = {isa = PBXFileReference; lastKnownFileType = sourcecode.swift; path = SunexAzModel.swift; sourceTree = "<group>"; };
		CEE4D8F32DB2F7980082AF68 /* NetworkServiceManager.swift */ = {isa = PBXFileReference; lastKnownFileType = sourcecode.swift; path = NetworkServiceManager.swift; sourceTree = "<group>"; };
		CEE4D8F52DB2F8920082AF68 /* APIService.swift */ = {isa = PBXFileReference; lastKnownFileType = sourcecode.swift; path = APIService.swift; sourceTree = "<group>"; };
		CEE4D8F72DB2F8E40082AF68 /* URLSeassionsAdapter.swift */ = {isa = PBXFileReference; lastKnownFileType = sourcecode.swift; path = URLSeassionsAdapter.swift; sourceTree = "<group>"; };
		CEE4D8F92DB303C20082AF68 /* SunexAzViewModel.swift */ = {isa = PBXFileReference; lastKnownFileType = sourcecode.swift; path = SunexAzViewModel.swift; sourceTree = "<group>"; };
		CEE4D8FD2DB3D2860082AF68 /* TrendyOlModel.swift */ = {isa = PBXFileReference; lastKnownFileType = sourcecode.swift; path = TrendyOlModel.swift; sourceTree = "<group>"; };
		CEE4D8FF2DB3D2B70082AF68 /* TrendyOlViewModel.swift */ = {isa = PBXFileReference; lastKnownFileType = sourcecode.swift; path = TrendyOlViewModel.swift; sourceTree = "<group>"; };
		CEE4D9022DB3D6EA0082AF68 /* TrendyOlAPIService.swift */ = {isa = PBXFileReference; lastKnownFileType = sourcecode.swift; path = TrendyOlAPIService.swift; sourceTree = "<group>"; };
/* End PBXFileReference section */

/* Begin PBXFrameworksBuildPhase section */
		CEE4D8B12DB2A2470082AF68 /* Frameworks */ = {
			isa = PBXFrameworksBuildPhase;
			buildActionMask = 2147483647;
			files = (
			);
			runOnlyForDeploymentPostprocessing = 0;
		};
/* End PBXFrameworksBuildPhase section */

/* Begin PBXGroup section */
		CEE4D8AB2DB2A2470082AF68 = {
			isa = PBXGroup;
			children = (
				CEE4D8B62DB2A2470082AF68 /* Sunex_Trendyol */,
				CEE4D8B52DB2A2470082AF68 /* Products */,
			);
			sourceTree = "<group>";
		};
		CEE4D8B52DB2A2470082AF68 /* Products */ = {
			isa = PBXGroup;
			children = (
				CEE4D8B42DB2A2470082AF68 /* Sunex_Trendyol.app */,
			);
			name = Products;
			sourceTree = "<group>";
		};
		CEE4D8B62DB2A2470082AF68 /* Sunex_Trendyol */ = {
			isa = PBXGroup;
			children = (
				CEE4D8F22DB2F7710082AF68 /* Networking */,
				CEE4D8E72DB2EB200082AF68 /* Cells */,
				CEE4D8E62DB2EB150082AF68 /* Views */,
				CEE4D8E02DB2BE2E0082AF68 /* MockyApp */,
				CEE4D8D92DB2B1BB0082AF68 /* App */,
				CEE4D8D82DB2B1A40082AF68 /* Model */,
				CEE4D8D52DB2B01C0082AF68 /* Ext */,
				CEE4D8BD2DB2A2470082AF68 /* Main.storyboard */,
				CEE4D8C02DB2A24A0082AF68 /* Assets.xcassets */,
				CEE4D8C22DB2A24A0082AF68 /* LaunchScreen.storyboard */,
				CEE4D8C52DB2A24A0082AF68 /* Info.plist */,
			);
			path = Sunex_Trendyol;
			sourceTree = "<group>";
		};
		CEE4D8D52DB2B01C0082AF68 /* Ext */ = {
			isa = PBXGroup;
			children = (
				CEE4D8CF2DB2A7E10082AF68 /* ViewController+exc.swift */,
				CEE4D8D62DB2B04C0082AF68 /* CollectionView+ext.swift */,
			);
			path = Ext;
			sourceTree = "<group>";
		};
		CEE4D8D82DB2B1A40082AF68 /* Model */ = {
			isa = PBXGroup;
			children = (
				CEE4D8FC2DB3D2620082AF68 /* TrendyOl */,
				CEE4D8FB2DB3D2490082AF68 /* SunexAz */,
			);
			path = Model;
			sourceTree = "<group>";
		};
		CEE4D8D92DB2B1BB0082AF68 /* App */ = {
			isa = PBXGroup;
			children = (
				CEE4D8B72DB2A2470082AF68 /* AppDelegate.swift */,
				CEE4D8B92DB2A2470082AF68 /* SceneDelegate.swift */,
			);
			path = App;
			sourceTree = "<group>";
		};
		CEE4D8E02DB2BE2E0082AF68 /* MockyApp */ = {
			isa = PBXGroup;
			children = (
				CEE4D8E12DB2BE940082AF68 /* NotificationListApi.json */,
				CEE4D8E42DB2BF020082AF68 /* TrendyolaListAi.json */,
			);
			path = MockyApp;
			sourceTree = "<group>";
		};
		CEE4D8E62DB2EB150082AF68 /* Views */ = {
			isa = PBXGroup;
			children = (
				CEE4D8CB2DB2A7500082AF68 /* TrendyolViewController.swift */,
				CEE4D8BB2DB2A2470082AF68 /* ViewController.swift */,
			);
			path = Views;
			sourceTree = "<group>";
		};
		CEE4D8E72DB2EB200082AF68 /* Cells */ = {
			isa = PBXGroup;
			children = (
				CEE4D8ED2DB2EBBA0082AF68 /* SunexAz */,
				CEE4D8EC2DB2EB9E0082AF68 /* TrendyOl */,
			);
			path = Cells;
			sourceTree = "<group>";
		};
		CEE4D8EC2DB2EB9E0082AF68 /* TrendyOl */ = {
			isa = PBXGroup;
			children = (
				CEE4D8DC2DB2B4700082AF68 /* TrendyOlCollectionVCcell.swift */,
				CEE4D8DD2DB2B4700082AF68 /* TrendyOlCollectionVCcell.xib */,
			);
			path = TrendyOl;
			sourceTree = "<group>";
		};
		CEE4D8ED2DB2EBBA0082AF68 /* SunexAz */ = {
			isa = PBXGroup;
			children = (
				CEE4D8E82DB2EB820082AF68 /* SunexAzCollectionViewCell.swift */,
				CEE4D8E92DB2EB820082AF68 /* SunexAzCollectionViewCell.xib */,
			);
			path = SunexAz;
			sourceTree = "<group>";
		};
		CEE4D8F22DB2F7710082AF68 /* Networking */ = {
			isa = PBXGroup;
			children = (
				CEE4D9012DB3D6AD0082AF68 /* TrendyOlAPI */,
				CEE4D8F32DB2F7980082AF68 /* NetworkServiceManager.swift */,
				CEE4D8F52DB2F8920082AF68 /* APIService.swift */,
				CEE4D8F72DB2F8E40082AF68 /* URLSeassionsAdapter.swift */,
			);
			path = Networking;
			sourceTree = "<group>";
		};
		CEE4D8FB2DB3D2490082AF68 /* SunexAz */ = {
			isa = PBXGroup;
			children = (
				CEE4D8F02DB2F72D0082AF68 /* SunexAzModel.swift */,
				CEE4D8F92DB303C20082AF68 /* SunexAzViewModel.swift */,
			);
			path = SunexAz;
			sourceTree = "<group>";
		};
		CEE4D8FC2DB3D2620082AF68 /* TrendyOl */ = {
			isa = PBXGroup;
			children = (
				CEE4D8FD2DB3D2860082AF68 /* TrendyOlModel.swift */,
				CEE4D8FF2DB3D2B70082AF68 /* TrendyOlViewModel.swift */,
			);
			path = TrendyOl;
			sourceTree = "<group>";
		};
		CEE4D9012DB3D6AD0082AF68 /* TrendyOlAPI */ = {
			isa = PBXGroup;
			children = (
				CEE4D9022DB3D6EA0082AF68 /* TrendyOlAPIService.swift */,
			);
			path = TrendyOlAPI;
			sourceTree = "<group>";
		};
/* End PBXGroup section */

/* Begin PBXNativeTarget section */
		CEE4D8B32DB2A2470082AF68 /* Sunex_Trendyol */ = {
			isa = PBXNativeTarget;
			buildConfigurationList = CEE4D8C82DB2A24A0082AF68 /* Build configuration list for PBXNativeTarget "Sunex_Trendyol" */;
			buildPhases = (
				CEE4D8B02DB2A2470082AF68 /* Sources */,
				CEE4D8B12DB2A2470082AF68 /* Frameworks */,
				CEE4D8B22DB2A2470082AF68 /* Resources */,
			);
			buildRules = (
			);
			dependencies = (
			);
			name = Sunex_Trendyol;
			productName = Sunex_Trendyol;
			productReference = CEE4D8B42DB2A2470082AF68 /* Sunex_Trendyol.app */;
			productType = "com.apple.product-type.application";
		};
/* End PBXNativeTarget section */

/* Begin PBXProject section */
		CEE4D8AC2DB2A2470082AF68 /* Project object */ = {
			isa = PBXProject;
			attributes = {
				BuildIndependentTargetsInParallel = 1;
				LastSwiftUpdateCheck = 1520;
				LastUpgradeCheck = 1520;
				TargetAttributes = {
					CEE4D8B32DB2A2470082AF68 = {
						CreatedOnToolsVersion = 15.2;
					};
				};
			};
			buildConfigurationList = CEE4D8AF2DB2A2470082AF68 /* Build configuration list for PBXProject "Sunex_Trendyol" */;
			compatibilityVersion = "Xcode 14.0";
			developmentRegion = en;
			hasScannedForEncodings = 0;
			knownRegions = (
				en,
				Base,
			);
			mainGroup = CEE4D8AB2DB2A2470082AF68;
			productRefGroup = CEE4D8B52DB2A2470082AF68 /* Products */;
			projectDirPath = "";
			projectRoot = "";
			targets = (
				CEE4D8B32DB2A2470082AF68 /* Sunex_Trendyol */,
			);
		};
/* End PBXProject section */

/* Begin PBXResourcesBuildPhase section */
		CEE4D8B22DB2A2470082AF68 /* Resources */ = {
			isa = PBXResourcesBuildPhase;
			buildActionMask = 2147483647;
			files = (
				CEE4D8E52DB2BF020082AF68 /* TrendyolaListAi.json in Resources */,
				CEE4D8C42DB2A24A0082AF68 /* LaunchScreen.storyboard in Resources */,
				CEE4D8EB2DB2EB820082AF68 /* SunexAzCollectionViewCell.xib in Resources */,
				CEE4D8C12DB2A24A0082AF68 /* Assets.xcassets in Resources */,
				CEE4D8BF2DB2A2470082AF68 /* Main.storyboard in Resources */,
				CEE4D8E22DB2BE940082AF68 /* NotificationListApi.json in Resources */,
				CEE4D8DF2DB2B4700082AF68 /* TrendyOlCollectionVCcell.xib in Resources */,
			);
			runOnlyForDeploymentPostprocessing = 0;
		};
/* End PBXResourcesBuildPhase section */

/* Begin PBXSourcesBuildPhase section */
		CEE4D8B02DB2A2470082AF68 /* Sources */ = {
			isa = PBXSourcesBuildPhase;
			buildActionMask = 2147483647;
			files = (
				CEE4D9002DB3D2B70082AF68 /* TrendyOlViewModel.swift in Sources */,
				CEE4D8F82DB2F8E40082AF68 /* URLSeassionsAdapter.swift in Sources */,
				CEE4D8F12DB2F72D0082AF68 /* SunexAzModel.swift in Sources */,
				CEE4D8BC2DB2A2470082AF68 /* ViewController.swift in Sources */,
				CEE4D8D02DB2A7E10082AF68 /* ViewController+exc.swift in Sources */,
				CEE4D8B82DB2A2470082AF68 /* AppDelegate.swift in Sources */,
				CEE4D8F62DB2F8920082AF68 /* APIService.swift in Sources */,
				CEE4D8D72DB2B04C0082AF68 /* CollectionView+ext.swift in Sources */,
				CEE4D8BA2DB2A2470082AF68 /* SceneDelegate.swift in Sources */,
				CEE4D8FA2DB303C20082AF68 /* SunexAzViewModel.swift in Sources */,
				CEE4D8F42DB2F7980082AF68 /* NetworkServiceManager.swift in Sources */,
				CEE4D8CC2DB2A7500082AF68 /* TrendyolViewController.swift in Sources */,
				CEE4D8DE2DB2B4700082AF68 /* TrendyOlCollectionVCcell.swift in Sources */,
				CEE4D8FE2DB3D2860082AF68 /* TrendyOlModel.swift in Sources */,
				CEE4D8EA2DB2EB820082AF68 /* SunexAzCollectionViewCell.swift in Sources */,
				CEE4D9032DB3D6EA0082AF68 /* TrendyOlAPIService.swift in Sources */,
			);
			runOnlyForDeploymentPostprocessing = 0;
		};
/* End PBXSourcesBuildPhase section */

/* Begin PBXVariantGroup section */
		CEE4D8BD2DB2A2470082AF68 /* Main.storyboard */ = {
			isa = PBXVariantGroup;
			children = (
				CEE4D8BE2DB2A2470082AF68 /* Base */,
			);
			name = Main.storyboard;
			sourceTree = "<group>";
		};
		CEE4D8C22DB2A24A0082AF68 /* LaunchScreen.storyboard */ = {
			isa = PBXVariantGroup;
			children = (
				CEE4D8C32DB2A24A0082AF68 /* Base */,
			);
			name = LaunchScreen.storyboard;
			sourceTree = "<group>";
		};
/* End PBXVariantGroup section */

/* Begin XCBuildConfiguration section */
		CEE4D8C62DB2A24A0082AF68 /* Debug */ = {
			isa = XCBuildConfiguration;
			buildSettings = {
				ALWAYS_SEARCH_USER_PATHS = NO;
				ASSETCATALOG_COMPILER_GENERATE_SWIFT_ASSET_SYMBOL_EXTENSIONS = YES;
				CLANG_ANALYZER_NONNULL = YES;
				CLANG_ANALYZER_NUMBER_OBJECT_CONVERSION = YES_AGGRESSIVE;
				CLANG_CXX_LANGUAGE_STANDARD = "gnu++20";
				CLANG_ENABLE_MODULES = YES;
				CLANG_ENABLE_OBJC_ARC = YES;
				CLANG_ENABLE_OBJC_WEAK = YES;
				CLANG_WARN_BLOCK_CAPTURE_AUTORELEASING = YES;
				CLANG_WARN_BOOL_CONVERSION = YES;
				CLANG_WARN_COMMA = YES;
				CLANG_WARN_CONSTANT_CONVERSION = YES;
				CLANG_WARN_DEPRECATED_OBJC_IMPLEMENTATIONS = YES;
				CLANG_WARN_DIRECT_OBJC_ISA_USAGE = YES_ERROR;
				CLANG_WARN_DOCUMENTATION_COMMENTS = YES;
				CLANG_WARN_EMPTY_BODY = YES;
				CLANG_WARN_ENUM_CONVERSION = YES;
				CLANG_WARN_INFINITE_RECURSION = YES;
				CLANG_WARN_INT_CONVERSION = YES;
				CLANG_WARN_NON_LITERAL_NULL_CONVERSION = YES;
				CLANG_WARN_OBJC_IMPLICIT_RETAIN_SELF = YES;
				CLANG_WARN_OBJC_LITERAL_CONVERSION = YES;
				CLANG_WARN_OBJC_ROOT_CLASS = YES_ERROR;
				CLANG_WARN_QUOTED_INCLUDE_IN_FRAMEWORK_HEADER = YES;
				CLANG_WARN_RANGE_LOOP_ANALYSIS = YES;
				CLANG_WARN_STRICT_PROTOTYPES = YES;
				CLANG_WARN_SUSPICIOUS_MOVE = YES;
				CLANG_WARN_UNGUARDED_AVAILABILITY = YES_AGGRESSIVE;
				CLANG_WARN_UNREACHABLE_CODE = YES;
				CLANG_WARN__DUPLICATE_METHOD_MATCH = YES;
				COPY_PHASE_STRIP = NO;
				DEBUG_INFORMATION_FORMAT = dwarf;
				ENABLE_STRICT_OBJC_MSGSEND = YES;
				ENABLE_TESTABILITY = YES;
				ENABLE_USER_SCRIPT_SANDBOXING = YES;
				GCC_C_LANGUAGE_STANDARD = gnu17;
				GCC_DYNAMIC_NO_PIC = NO;
				GCC_NO_COMMON_BLOCKS = YES;
				GCC_OPTIMIZATION_LEVEL = 0;
				GCC_PREPROCESSOR_DEFINITIONS = (
					"DEBUG=1",
					"$(inherited)",
				);
				GCC_WARN_64_TO_32_BIT_CONVERSION = YES;
				GCC_WARN_ABOUT_RETURN_TYPE = YES_ERROR;
				GCC_WARN_UNDECLARED_SELECTOR = YES;
				GCC_WARN_UNINITIALIZED_AUTOS = YES_AGGRESSIVE;
				GCC_WARN_UNUSED_FUNCTION = YES;
				GCC_WARN_UNUSED_VARIABLE = YES;
				IPHONEOS_DEPLOYMENT_TARGET = 17.2;
				LOCALIZATION_PREFERS_STRING_CATALOGS = YES;
				MTL_ENABLE_DEBUG_INFO = INCLUDE_SOURCE;
				MTL_FAST_MATH = YES;
				ONLY_ACTIVE_ARCH = YES;
				SDKROOT = iphoneos;
				SWIFT_ACTIVE_COMPILATION_CONDITIONS = "DEBUG $(inherited)";
				SWIFT_OPTIMIZATION_LEVEL = "-Onone";
			};
			name = Debug;
		};
		CEE4D8C72DB2A24A0082AF68 /* Release */ = {
			isa = XCBuildConfiguration;
			buildSettings = {
				ALWAYS_SEARCH_USER_PATHS = NO;
				ASSETCATALOG_COMPILER_GENERATE_SWIFT_ASSET_SYMBOL_EXTENSIONS = YES;
				CLANG_ANALYZER_NONNULL = YES;
				CLANG_ANALYZER_NUMBER_OBJECT_CONVERSION = YES_AGGRESSIVE;
				CLANG_CXX_LANGUAGE_STANDARD = "gnu++20";
				CLANG_ENABLE_MODULES = YES;
				CLANG_ENABLE_OBJC_ARC = YES;
				CLANG_ENABLE_OBJC_WEAK = YES;
				CLANG_WARN_BLOCK_CAPTURE_AUTORELEASING = YES;
				CLANG_WARN_BOOL_CONVERSION = YES;
				CLANG_WARN_COMMA = YES;
				CLANG_WARN_CONSTANT_CONVERSION = YES;
				CLANG_WARN_DEPRECATED_OBJC_IMPLEMENTATIONS = YES;
				CLANG_WARN_DIRECT_OBJC_ISA_USAGE = YES_ERROR;
				CLANG_WARN_DOCUMENTATION_COMMENTS = YES;
				CLANG_WARN_EMPTY_BODY = YES;
				CLANG_WARN_ENUM_CONVERSION = YES;
				CLANG_WARN_INFINITE_RECURSION = YES;
				CLANG_WARN_INT_CONVERSION = YES;
				CLANG_WARN_NON_LITERAL_NULL_CONVERSION = YES;
				CLANG_WARN_OBJC_IMPLICIT_RETAIN_SELF = YES;
				CLANG_WARN_OBJC_LITERAL_CONVERSION = YES;
				CLANG_WARN_OBJC_ROOT_CLASS = YES_ERROR;
				CLANG_WARN_QUOTED_INCLUDE_IN_FRAMEWORK_HEADER = YES;
				CLANG_WARN_RANGE_LOOP_ANALYSIS = YES;
				CLANG_WARN_STRICT_PROTOTYPES = YES;
				CLANG_WARN_SUSPICIOUS_MOVE = YES;
				CLANG_WARN_UNGUARDED_AVAILABILITY = YES_AGGRESSIVE;
				CLANG_WARN_UNREACHABLE_CODE = YES;
				CLANG_WARN__DUPLICATE_METHOD_MATCH = YES;
				COPY_PHASE_STRIP = NO;
				DEBUG_INFORMATION_FORMAT = "dwarf-with-dsym";
				ENABLE_NS_ASSERTIONS = NO;
				ENABLE_STRICT_OBJC_MSGSEND = YES;
				ENABLE_USER_SCRIPT_SANDBOXING = YES;
				GCC_C_LANGUAGE_STANDARD = gnu17;
				GCC_NO_COMMON_BLOCKS = YES;
				GCC_WARN_64_TO_32_BIT_CONVERSION = YES;
				GCC_WARN_ABOUT_RETURN_TYPE = YES_ERROR;
				GCC_WARN_UNDECLARED_SELECTOR = YES;
				GCC_WARN_UNINITIALIZED_AUTOS = YES_AGGRESSIVE;
				GCC_WARN_UNUSED_FUNCTION = YES;
				GCC_WARN_UNUSED_VARIABLE = YES;
				IPHONEOS_DEPLOYMENT_TARGET = 17.2;
				LOCALIZATION_PREFERS_STRING_CATALOGS = YES;
				MTL_ENABLE_DEBUG_INFO = NO;
				MTL_FAST_MATH = YES;
				SDKROOT = iphoneos;
				SWIFT_COMPILATION_MODE = wholemodule;
				VALIDATE_PRODUCT = YES;
			};
			name = Release;
		};
		CEE4D8C92DB2A24A0082AF68 /* Debug */ = {
			isa = XCBuildConfiguration;
			buildSettings = {
				ASSETCATALOG_COMPILER_APPICON_NAME = AppIcon;
				ASSETCATALOG_COMPILER_GLOBAL_ACCENT_COLOR_NAME = AccentColor;
				CODE_SIGN_STYLE = Automatic;
				CURRENT_PROJECT_VERSION = 1;
				GENERATE_INFOPLIST_FILE = YES;
				INFOPLIST_FILE = Sunex_Trendyol/Info.plist;
				INFOPLIST_KEY_UIApplicationSupportsIndirectInputEvents = YES;
				INFOPLIST_KEY_UILaunchStoryboardName = LaunchScreen;
				INFOPLIST_KEY_UIMainStoryboardFile = Main;
				INFOPLIST_KEY_UISupportedInterfaceOrientations_iPad = "UIInterfaceOrientationPortrait UIInterfaceOrientationPortraitUpsideDown UIInterfaceOrientationLandscapeLeft UIInterfaceOrientationLandscapeRight";
				INFOPLIST_KEY_UISupportedInterfaceOrientations_iPhone = "UIInterfaceOrientationPortrait UIInterfaceOrientationLandscapeLeft UIInterfaceOrientationLandscapeRight";
				LD_RUNPATH_SEARCH_PATHS = (
					"$(inherited)",
					"@executable_path/Frameworks",
				);
				MARKETING_VERSION = 1.0;
				PRODUCT_BUNDLE_IDENTIFIER = "com.gunelbalayeva.Sunex-Trendyol";
				PRODUCT_NAME = "$(TARGET_NAME)";
				SWIFT_EMIT_LOC_STRINGS = YES;
				SWIFT_VERSION = 5.0;
				TARGETED_DEVICE_FAMILY = "1,2";
			};
			name = Debug;
		};
		CEE4D8CA2DB2A24A0082AF68 /* Release */ = {
			isa = XCBuildConfiguration;
			buildSettings = {
				ASSETCATALOG_COMPILER_APPICON_NAME = AppIcon;
				ASSETCATALOG_COMPILER_GLOBAL_ACCENT_COLOR_NAME = AccentColor;
				CODE_SIGN_STYLE = Automatic;
				CURRENT_PROJECT_VERSION = 1;
				GENERATE_INFOPLIST_FILE = YES;
				INFOPLIST_FILE = Sunex_Trendyol/Info.plist;
				INFOPLIST_KEY_UIApplicationSupportsIndirectInputEvents = YES;
				INFOPLIST_KEY_UILaunchStoryboardName = LaunchScreen;
				INFOPLIST_KEY_UIMainStoryboardFile = Main;
				INFOPLIST_KEY_UISupportedInterfaceOrientations_iPad = "UIInterfaceOrientationPortrait UIInterfaceOrientationPortraitUpsideDown UIInterfaceOrientationLandscapeLeft UIInterfaceOrientationLandscapeRight";
				INFOPLIST_KEY_UISupportedInterfaceOrientations_iPhone = "UIInterfaceOrientationPortrait UIInterfaceOrientationLandscapeLeft UIInterfaceOrientationLandscapeRight";
				LD_RUNPATH_SEARCH_PATHS = (
					"$(inherited)",
					"@executable_path/Frameworks",
				);
				MARKETING_VERSION = 1.0;
				PRODUCT_BUNDLE_IDENTIFIER = "com.gunelbalayeva.Sunex-Trendyol";
				PRODUCT_NAME = "$(TARGET_NAME)";
				SWIFT_EMIT_LOC_STRINGS = YES;
				SWIFT_VERSION = 5.0;
				TARGETED_DEVICE_FAMILY = "1,2";
			};
			name = Release;
		};
/* End XCBuildConfiguration section */

/* Begin XCConfigurationList section */
		CEE4D8AF2DB2A2470082AF68 /* Build configuration list for PBXProject "Sunex_Trendyol" */ = {
			isa = XCConfigurationList;
			buildConfigurations = (
				CEE4D8C62DB2A24A0082AF68 /* Debug */,
				CEE4D8C72DB2A24A0082AF68 /* Release */,
			);
			defaultConfigurationIsVisible = 0;
			defaultConfigurationName = Release;
		};
		CEE4D8C82DB2A24A0082AF68 /* Build configuration list for PBXNativeTarget "Sunex_Trendyol" */ = {
			isa = XCConfigurationList;
			buildConfigurations = (
				CEE4D8C92DB2A24A0082AF68 /* Debug */,
				CEE4D8CA2DB2A24A0082AF68 /* Release */,
			);
			defaultConfigurationIsVisible = 0;
			defaultConfigurationName = Release;
		};
/* End XCConfigurationList section */
	};
	rootObject = CEE4D8AC2DB2A2470082AF68 /* Project object */;
}
